<?xml version="1.0" encoding="utf-8"?>
<Project ToolsVersion="4.0" xmlns="http://schemas.microsoft.com/developer/msbuild/2003">
  <ItemGroup>
    <Filter Include="소스 파일">
      <UniqueIdentifier>{4FC737F1-C7A5-4376-A066-2A32D752A2FF}</UniqueIdentifier>
      <Extensions>cpp;c;cc;cxx;c++;cppm;ixx;def;odl;idl;hpj;bat;asm;asmx</Extensions>
    </Filter>
    <Filter Include="헤더 파일">
      <UniqueIdentifier>{93995380-89BD-4b04-88EB-625FBE52EBFB}</UniqueIdentifier>
      <Extensions>h;hh;hpp;hxx;h++;hm;inl;inc;ipp;xsd</Extensions>
    </Filter>
    <Filter Include="리소스 파일">
      <UniqueIdentifier>{67DA6AB6-F800-4c08-8B7A-83BB121AAD01}</UniqueIdentifier>
      <Extensions>rc;ico;cur;bmp;dlg;rc2;rct;bin;rgs;gif;jpg;jpeg;jpe;resx;tiff;tif;png;wav;mfcribbon-ms</Extensions>
    </Filter>
    <Filter Include="01.GameManager">
      <UniqueIdentifier>{dd386aa0-4e70-4887-b163-632ce56f9de9}</UniqueIdentifier>
    </Filter>
    <Filter Include="01.GameManager\01.Timer">
      <UniqueIdentifier>{b0af7427-d003-4bd2-976a-ea57887c4df9}</UniqueIdentifier>
    </Filter>
    <Filter Include="02. Level">
      <UniqueIdentifier>{9a77b2cb-734d-442b-bc62-8088fb13c529}</UniqueIdentifier>
    </Filter>
    <Filter Include="03. Object">
      <UniqueIdentifier>{8826c38d-c1df-4615-93b0-4d2d72c94943}</UniqueIdentifier>
    </Filter>
  </ItemGroup>
  <ItemGroup>
    <ClCompile Include="main.cpp">
      <Filter>소스 파일</Filter>
    </ClCompile>
    <ClCompile Include="GameManager.cpp">
      <Filter>01.GameManager</Filter>
    </ClCompile>
    <ClCompile Include="Timer.cpp">
      <Filter>01.GameManager\01.Timer</Filter>
    </ClCompile>
    <ClCompile Include="Level\LevelManager.cpp">
      <Filter>02. Level</Filter>
    </ClCompile>
    <ClCompile Include="Level\Level.cpp">
      <Filter>02. Level</Filter>
    </ClCompile>
    <ClCompile Include="Object\Object.cpp">
      <Filter>03. Object</Filter>
    </ClCompile>
  </ItemGroup>
  <ItemGroup>
    <ClInclude Include="GameInfo.h">
      <Filter>헤더 파일</Filter>
    </ClInclude>
    <ClInclude Include="GameManager.h">
      <Filter>01.GameManager</Filter>
    </ClInclude>
    <ClInclude Include="resource.h">
      <Filter>헤더 파일</Filter>
    </ClInclude>
    <ClInclude Include="Timer.h">
      <Filter>01.GameManager\01.Timer</Filter>
    </ClInclude>
    <ClInclude Include="Level\Level.h">
      <Filter>02. Level</Filter>
    </ClInclude>
    <ClInclude Include="Level\LevelManager.h">
      <Filter>02. Level</Filter>
    </ClInclude>
    <ClInclude Include="Level\MainLevel.h">
      <Filter>02. Level</Filter>
    </ClInclude>
    <ClInclude Include="Object\Object.h">
      <Filter>03. Object</Filter>
    </ClInclude>
  </ItemGroup>
</Project>