
Microsoft Visual Studio Solution File, Format Version 12.00
# Visual Studio Version 17
VisualStudioVersion = 17.6.33801.468
MinimumVisualStudioVersion = 10.0.40219.1
Project("{8BC9CEB8-8B4A-11D0-8D11-00A0C91BC942}") = "20230731", "20230731\20230731.vcxproj", "{21ABF6EF-AD5A-489B-B015-C6831EAF8278}"
EndProject
Global
	GlobalSection(SolutionConfigurationPlatforms) = preSolution
		Debug|x64 = Debug|x64
		Debug|x86 = Debug|x86
		Release|x64 = Release|x64
		Release|x86 = Release|x86
	EndGlobalSection
	GlobalSection(ProjectConfigurationPlatforms) = postSolution
		{21ABF6EF-AD5A-489B-B015-C6831EAF8278}.Debug|x64.ActiveCfg = Debug|x64
		{21ABF6EF-AD5A-489B-B015-C6831EAF8278}.Debug|x64.Build.0 = Debug|x64
		{21ABF6EF-AD5A-489B-B015-C6831EAF8278}.Debug|x86.ActiveCfg = Debug|Win32
		{21ABF6EF-AD5A-489B-B015-C6831EAF8278}.Debug|x86.Build.0 = Debug|Win32
		{21ABF6EF-AD5A-489B-B015-C6831EAF8278}.Release|x64.ActiveCfg = Release|x64
		{21ABF6EF-AD5A-489B-B015-C6831EAF8278}.Release|x64.Build.0 = Release|x64
		{21ABF6EF-AD5A-489B-B015-C6831EAF8278}.Release|x86.ActiveCfg = Release|Win32
		{21ABF6EF-AD5A-489B-B015-C6831EAF8278}.Release|x86.Build.0 = Release|Win32
	EndGlobalSection
	GlobalSection(SolutionProperties) = preSolution
		HideSolutionNode = FALSE
	EndGlobalSection
	GlobalSection(ExtensibilityGlobals) = postSolution
		SolutionGuid = {2EF22AA4-19AE-4844-BE78-B14BE65D24B3}
	EndGlobalSection
EndGlobal
